
Microsoft Visual Studio Solution File, Format Version 10.00
# Visual Studio 2008
Project("{8BC9CEB8-8B4A-11D0-8D11-00A0C91BC942}") = "algorithm", "algorithm\algorithm.vcproj", "{4911E156-F7AF-4C87-931B-18812053BBC8}"
EndProject
Global
	GlobalSection(SolutionConfigurationPlatforms) = preSolution
		Debug|Win32 = Debug|Win32
		Release|Win32 = Release|Win32
	EndGlobalSection
	GlobalSection(ProjectConfigurationPlatforms) = postSolution
		{4911E156-F7AF-4C87-931B-18812053BBC8}.Debug|Win32.ActiveCfg = Debug|Win32
		{4911E156-F7AF-4C87-931B-18812053BBC8}.Debug|Win32.Build.0 = Debug|Win32
		{4911E156-F7AF-4C87-931B-18812053BBC8}.Release|Win32.ActiveCfg = Release|Win32
		{4911E156-F7AF-4C87-931B-18812053BBC8}.Release|Win32.Build.0 = Release|Win32
	EndGlobalSection
	GlobalSection(SolutionProperties) = preSolution
		HideSolutionNode = FALSE
	EndGlobalSection
EndGlobal
